
Microsoft Visual Studio Solution File, Format Version 12.00
# Visual Studio Version 16
VisualStudioVersion = 16.0.32413.511
MinimumVisualStudioVersion = 10.0.40219.1
Project("{FAE04EC0-301F-11D3-BF4B-00C04F79EFBC}") = "SalesWebMvc", "SalesWebMvc\SalesWebMvc.csproj", "{AEBB5AFB-7194-4C4D-9DCE-1BB1557651BB}"
EndProject
Global
	GlobalSection(SolutionConfigurationPlatforms) = preSolution
		Debug|Any CPU = Debug|Any CPU
		Release|Any CPU = Release|Any CPU
	EndGlobalSection
	GlobalSection(ProjectConfigurationPlatforms) = postSolution
		{AEBB5AFB-7194-4C4D-9DCE-1BB1557651BB}.Debug|Any CPU.ActiveCfg = Debug|Any CPU
		{AEBB5AFB-7194-4C4D-9DCE-1BB1557651BB}.Debug|Any CPU.Build.0 = Debug|Any CPU
		{AEBB5AFB-7194-4C4D-9DCE-1BB1557651BB}.Release|Any CPU.ActiveCfg = Release|Any CPU
		{AEBB5AFB-7194-4C4D-9DCE-1BB1557651BB}.Release|Any CPU.Build.0 = Release|Any CPU
	EndGlobalSection
	GlobalSection(SolutionProperties) = preSolution
		HideSolutionNode = FALSE
	EndGlobalSection
	GlobalSection(ExtensibilityGlobals) = postSolution
		SolutionGuid = {FF47B42E-EF24-49EF-8DBF-60C89B7E849D}
	EndGlobalSection
EndGlobal
